
Microsoft Visual Studio Solution File, Format Version 12.00
# Visual Studio 15
VisualStudioVersion = 15.0.27130.2024
MinimumVisualStudioVersion = 10.0.40219.1
Project("{9A19103F-16F7-4668-BE54-9A1E7A4F7556}") = "CoolBaby.Data", "CoolBaby.Data\CoolBaby.Data.csproj", "{9BADDB82-2D76-46F0-BD4F-B1AAE29FD5E2}"
EndProject
Project("{9A19103F-16F7-4668-BE54-9A1E7A4F7556}") = "CoolBaby.Data.EF", "CoolBaby.Data.EF\CoolBaby.Data.EF.csproj", "{86B17895-53E1-4DA1-951A-D98AFBF3C38B}"
EndProject
Project("{9A19103F-16F7-4668-BE54-9A1E7A4F7556}") = "CoolBaby.Utilities", "CoolBaby.Utilities\CoolBaby.Utilities.csproj", "{4D1D676C-8416-4F43-B5CC-DDDF20FC7859}"
EndProject
Project("{9A19103F-16F7-4668-BE54-9A1E7A4F7556}") = "CoolBaby.Application", "CoolBaby.Application\CoolBaby.Application.csproj", "{4DE9231B-8E05-4DB5-8D52-263DFBBC662D}"
EndProject
Project("{9A19103F-16F7-4668-BE54-9A1E7A4F7556}") = "CoolBaby.Infrastructure", "CoolBaby.Infrastructure\CoolBaby.Infrastructure.csproj", "{1A652D8C-F85B-4A47-B5DD-EAA868D2F78D}"
EndProject
Project("{9A19103F-16F7-4668-BE54-9A1E7A4F7556}") = "CoolBaby.WebApi", "CoolBaby.WebApi\CoolBaby.WebApi.csproj", "{407146C4-7CE0-45EB-A2F3-3EEFDB84FDD5}"
EndProject
Global
	GlobalSection(SolutionConfigurationPlatforms) = preSolution
		Debug|Any CPU = Debug|Any CPU
		Release|Any CPU = Release|Any CPU
	EndGlobalSection
	GlobalSection(ProjectConfigurationPlatforms) = postSolution
		{9BADDB82-2D76-46F0-BD4F-B1AAE29FD5E2}.Debug|Any CPU.ActiveCfg = Debug|Any CPU
		{9BADDB82-2D76-46F0-BD4F-B1AAE29FD5E2}.Debug|Any CPU.Build.0 = Debug|Any CPU
		{9BADDB82-2D76-46F0-BD4F-B1AAE29FD5E2}.Release|Any CPU.ActiveCfg = Release|Any CPU
		{9BADDB82-2D76-46F0-BD4F-B1AAE29FD5E2}.Release|Any CPU.Build.0 = Release|Any CPU
		{86B17895-53E1-4DA1-951A-D98AFBF3C38B}.Debug|Any CPU.ActiveCfg = Debug|Any CPU
		{86B17895-53E1-4DA1-951A-D98AFBF3C38B}.Debug|Any CPU.Build.0 = Debug|Any CPU
		{86B17895-53E1-4DA1-951A-D98AFBF3C38B}.Release|Any CPU.ActiveCfg = Release|Any CPU
		{86B17895-53E1-4DA1-951A-D98AFBF3C38B}.Release|Any CPU.Build.0 = Release|Any CPU
		{4D1D676C-8416-4F43-B5CC-DDDF20FC7859}.Debug|Any CPU.ActiveCfg = Debug|Any CPU
		{4D1D676C-8416-4F43-B5CC-DDDF20FC7859}.Debug|Any CPU.Build.0 = Debug|Any CPU
		{4D1D676C-8416-4F43-B5CC-DDDF20FC7859}.Release|Any CPU.ActiveCfg = Release|Any CPU
		{4D1D676C-8416-4F43-B5CC-DDDF20FC7859}.Release|Any CPU.Build.0 = Release|Any CPU
		{4DE9231B-8E05-4DB5-8D52-263DFBBC662D}.Debug|Any CPU.ActiveCfg = Debug|Any CPU
		{4DE9231B-8E05-4DB5-8D52-263DFBBC662D}.Debug|Any CPU.Build.0 = Debug|Any CPU
		{4DE9231B-8E05-4DB5-8D52-263DFBBC662D}.Release|Any CPU.ActiveCfg = Release|Any CPU
		{4DE9231B-8E05-4DB5-8D52-263DFBBC662D}.Release|Any CPU.Build.0 = Release|Any CPU
		{1A652D8C-F85B-4A47-B5DD-EAA868D2F78D}.Debug|Any CPU.ActiveCfg = Debug|Any CPU
		{1A652D8C-F85B-4A47-B5DD-EAA868D2F78D}.Debug|Any CPU.Build.0 = Debug|Any CPU
		{1A652D8C-F85B-4A47-B5DD-EAA868D2F78D}.Release|Any CPU.ActiveCfg = Release|Any CPU
		{1A652D8C-F85B-4A47-B5DD-EAA868D2F78D}.Release|Any CPU.Build.0 = Release|Any CPU
		{407146C4-7CE0-45EB-A2F3-3EEFDB84FDD5}.Debug|Any CPU.ActiveCfg = Debug|Any CPU
		{407146C4-7CE0-45EB-A2F3-3EEFDB84FDD5}.Debug|Any CPU.Build.0 = Debug|Any CPU
		{407146C4-7CE0-45EB-A2F3-3EEFDB84FDD5}.Release|Any CPU.ActiveCfg = Release|Any CPU
		{407146C4-7CE0-45EB-A2F3-3EEFDB84FDD5}.Release|Any CPU.Build.0 = Release|Any CPU
	EndGlobalSection
	GlobalSection(SolutionProperties) = preSolution
		HideSolutionNode = FALSE
	EndGlobalSection
	GlobalSection(ExtensibilityGlobals) = postSolution
		SolutionGuid = {8F66B062-A713-45A5-96EA-37DD6EC3F456}
	EndGlobalSection
EndGlobal
